
Microsoft Visual Studio Solution File, Format Version 12.00
# Visual Studio 15
VisualStudioVersion = 15.0.27130.2036
MinimumVisualStudioVersion = 10.0.40219.1
Project("{FAE04EC0-301F-11D3-BF4B-00C04F79EFBC}") = "CubeProblem", "CubeProblem\CubeProblem.csproj", "{FFA16CB2-108D-4B3F-86B8-6D6800205332}"
EndProject
Global
	GlobalSection(SolutionConfigurationPlatforms) = preSolution
		Debug|Any CPU = Debug|Any CPU
		Release|Any CPU = Release|Any CPU
	EndGlobalSection
	GlobalSection(ProjectConfigurationPlatforms) = postSolution
		{FFA16CB2-108D-4B3F-86B8-6D6800205332}.Debug|Any CPU.ActiveCfg = Debug|Any CPU
		{FFA16CB2-108D-4B3F-86B8-6D6800205332}.Debug|Any CPU.Build.0 = Debug|Any CPU
		{FFA16CB2-108D-4B3F-86B8-6D6800205332}.Release|Any CPU.ActiveCfg = Release|Any CPU
		{FFA16CB2-108D-4B3F-86B8-6D6800205332}.Release|Any CPU.Build.0 = Release|Any CPU
	EndGlobalSection
	GlobalSection(SolutionProperties) = preSolution
		HideSolutionNode = FALSE
	EndGlobalSection
	GlobalSection(ExtensibilityGlobals) = postSolution
		SolutionGuid = {23766A24-F1A5-4C45-BF96-76EFA5500CD0}
	EndGlobalSection
EndGlobal
